// !$*UTF8*$!
{
	archiveVersion = 1;
	classes = {
	};
	objectVersion = 50;
	objects = {

/* Begin PBXBuildFile section */
		5858CEF724DF57C70027C5D2 /* AppDelegate.swift in Sources */ = {isa = PBXBuildFile; fileRef = 5858CEF624DF57C70027C5D2 /* AppDelegate.swift */; };
		5858CEF924DF57C70027C5D2 /* GameScene.sks in Resources */ = {isa = PBXBuildFile; fileRef = 5858CEF824DF57C70027C5D2 /* GameScene.sks */; };
		5858CEFB24DF57C70027C5D2 /* Actions.sks in Resources */ = {isa = PBXBuildFile; fileRef = 5858CEFA24DF57C70027C5D2 /* Actions.sks */; };
		5858CEFD24DF57C70027C5D2 /* GameScene.swift in Sources */ = {isa = PBXBuildFile; fileRef = 5858CEFC24DF57C70027C5D2 /* GameScene.swift */; };
		5858CEFF24DF57C70027C5D2 /* GameViewController.swift in Sources */ = {isa = PBXBuildFile; fileRef = 5858CEFE24DF57C70027C5D2 /* GameViewController.swift */; };
		5858CF0224DF57C70027C5D2 /* Main.storyboard in Resources */ = {isa = PBXBuildFile; fileRef = 5858CF0024DF57C70027C5D2 /* Main.storyboard */; };
		5858CF0424DF57C80027C5D2 /* Assets.xcassets in Resources */ = {isa = PBXBuildFile; fileRef = 5858CF0324DF57C80027C5D2 /* Assets.xcassets */; };
		5858CF0724DF57C80027C5D2 /* LaunchScreen.storyboard in Resources */ = {isa = PBXBuildFile; fileRef = 5858CF0524DF57C80027C5D2 /* LaunchScreen.storyboard */; };
/* End PBXBuildFile section */

/* Begin PBXFileReference section */
		5858CEF324DF57C70027C5D2 /* P3Sprite.app */ = {isa = PBXFileReference; explicitFileType = wrapper.application; includeInIndex = 0; path = P3Sprite.app; sourceTree = BUILT_PRODUCTS_DIR; };
		5858CEF624DF57C70027C5D2 /* AppDelegate.swift */ = {isa = PBXFileReference; lastKnownFileType = sourcecode.swift; path = AppDelegate.swift; sourceTree = "<group>"; };
		5858CEF824DF57C70027C5D2 /* GameScene.sks */ = {isa = PBXFileReference; lastKnownFileType = file.sks; path = GameScene.sks; sourceTree = "<group>"; };
		5858CEFA24DF57C70027C5D2 /* Actions.sks */ = {isa = PBXFileReference; lastKnownFileType = file.sks; path = Actions.sks; sourceTree = "<group>"; };
		5858CEFC24DF57C70027C5D2 /* GameScene.swift */ = {isa = PBXFileReference; lastKnownFileType = sourcecode.swift; path = GameScene.swift; sourceTree = "<group>"; };
		5858CEFE24DF57C70027C5D2 /* GameViewController.swift */ = {isa = PBXFileReference; lastKnownFileType = sourcecode.swift; path = GameViewController.swift; sourceTree = "<group>"; };
		5858CF0124DF57C70027C5D2 /* Base */ = {isa = PBXFileReference; lastKnownFileType = file.storyboard; name = Base; path = Base.lproj/Main.storyboard; sourceTree = "<group>"; };
		5858CF0324DF57C80027C5D2 /* Assets.xcassets */ = {isa = PBXFileReference; lastKnownFileType = folder.assetcatalog; path = Assets.xcassets; sourceTree = "<group>"; };
		5858CF0624DF57C80027C5D2 /* Base */ = {isa = PBXFileReference; lastKnownFileType = file.storyboard; name = Base; path = Base.lproj/LaunchScreen.storyboard; sourceTree = "<group>"; };
		5858CF0824DF57C80027C5D2 /* Info.plist */ = {isa = PBXFileReference; lastKnownFileType = text.plist.xml; path = Info.plist; sourceTree = "<group>"; };
/* End PBXFileReference section */

/* Begin PBXFrameworksBuildPhase section */
		5858CEF024DF57C70027C5D2 /* Frameworks */ = {
			isa = PBXFrameworksBuildPhase;
			buildActionMask = 2147483647;
			files = (
			);
			runOnlyForDeploymentPostprocessing = 0;
		};
/* End PBXFrameworksBuildPhase section */

/* Begin PBXGroup section */
		5858CEEA24DF57C70027C5D2 = {
			isa = PBXGroup;
			children = (
				5858CEF524DF57C70027C5D2 /* P3Sprite */,
				5858CEF424DF57C70027C5D2 /* Products */,
			);
			sourceTree = "<group>";
		};
		5858CEF424DF57C70027C5D2 /* Products */ = {
			isa = PBXGroup;
			children = (
				5858CEF324DF57C70027C5D2 /* P3Sprite.app */,
			);
			name = Products;
			sourceTree = "<group>";
		};
		5858CEF524DF57C70027C5D2 /* P3Sprite */ = {
			isa = PBXGroup;
			children = (
				5858CEF624DF57C70027C5D2 /* AppDelegate.swift */,
				5858CEF824DF57C70027C5D2 /* GameScene.sks */,
				5858CEFA24DF57C70027C5D2 /* Actions.sks */,
				5858CEFC24DF57C70027C5D2 /* GameScene.swift */,
				5858CEFE24DF57C70027C5D2 /* GameViewController.swift */,
				5858CF0024DF57C70027C5D2 /* Main.storyboard */,
				5858CF0324DF57C80027C5D2 /* Assets.xcassets */,
				5858CF0524DF57C80027C5D2 /* LaunchScreen.storyboard */,
				5858CF0824DF57C80027C5D2 /* Info.plist */,
			);
			path = P3Sprite;
			sourceTree = "<group>";
		};
/* End PBXGroup section */

/* Begin PBXNativeTarget section */
		5858CEF224DF57C70027C5D2 /* P3Sprite */ = {
			isa = PBXNativeTarget;
			buildConfigurationList = 5858CF0B24DF57C80027C5D2 /* Build configuration list for PBXNativeTarget "P3Sprite" */;
			buildPhases = (
				5858CEEF24DF57C70027C5D2 /* Sources */,
				5858CEF024DF57C70027C5D2 /* Frameworks */,
				5858CEF124DF57C70027C5D2 /* Resources */,
			);
			buildRules = (
			);
			dependencies = (
			);
			name = P3Sprite;
			productName = P3Sprite;
			productReference = 5858CEF324DF57C70027C5D2 /* P3Sprite.app */;
			productType = "com.apple.product-type.application";
		};
/* End PBXNativeTarget section */

/* Begin PBXProject section */
		5858CEEB24DF57C70027C5D2 /* Project object */ = {
			isa = PBXProject;
			attributes = {
				LastSwiftUpdateCheck = 1130;
				LastUpgradeCheck = 1130;
				ORGANIZATIONNAME = PatrickWinchell;
				TargetAttributes = {
					5858CEF224DF57C70027C5D2 = {
						CreatedOnToolsVersion = 11.3;
					};
				};
			};
			buildConfigurationList = 5858CEEE24DF57C70027C5D2 /* Build configuration list for PBXProject "P3Sprite" */;
			compatibilityVersion = "Xcode 9.3";
			developmentRegion = en;
			hasScannedForEncodings = 0;
			knownRegions = (
				en,
				Base,
			);
			mainGroup = 5858CEEA24DF57C70027C5D2;
			productRefGroup = 5858CEF424DF57C70027C5D2 /* Products */;
			projectDirPath = "";
			projectRoot = "";
			targets = (
				5858CEF224DF57C70027C5D2 /* P3Sprite */,
			);
		};
/* End PBXProject section */

/* Begin PBXResourcesBuildPhase section */
		5858CEF124DF57C70027C5D2 /* Resources */ = {
			isa = PBXResourcesBuildPhase;
			buildActionMask = 2147483647;
			files = (
				5858CF0224DF57C70027C5D2 /* Main.storyboard in Resources */,
				5858CEF924DF57C70027C5D2 /* GameScene.sks in Resources */,
				5858CF0424DF57C80027C5D2 /* Assets.xcassets in Resources */,
				5858CF0724DF57C80027C5D2 /* LaunchScreen.storyboard in Resources */,
				5858CEFB24DF57C70027C5D2 /* Actions.sks in Resources */,
			);
			runOnlyForDeploymentPostprocessing = 0;
		};
/* End PBXResourcesBuildPhase section */

/* Begin PBXSourcesBuildPhase section */
		5858CEEF24DF57C70027C5D2 /* Sources */ = {
			isa = PBXSourcesBuildPhase;
			buildActionMask = 2147483647;
			files = (
				5858CEFD24DF57C70027C5D2 /* GameScene.swift in Sources */,
				5858CEFF24DF57C70027C5D2 /* GameViewController.swift in Sources */,
				5858CEF724DF57C70027C5D2 /* AppDelegate.swift in Sources */,
			);
			runOnlyForDeploymentPostprocessing = 0;
		};
/* End PBXSourcesBuildPhase section */

/* Begin PBXVariantGroup section */
		5858CF0024DF57C70027C5D2 /* Main.storyboard */ = {
			isa = PBXVariantGroup;
			children = (
				5858CF0124DF57C70027C5D2 /* Base */,
			);
			name = Main.storyboard;
			sourceTree = "<group>";
		};
		5858CF0524DF57C80027C5D2 /* LaunchScreen.storyboard */ = {
			isa = PBXVariantGroup;
			children = (
				5858CF0624DF57C80027C5D2 /* Base */,
			);
			name = LaunchScreen.storyboard;
			sourceTree = "<group>";
		};
/* End PBXVariantGroup section */

/* Begin XCBuildConfiguration section */
		5858CF0924DF57C80027C5D2 /* Debug */ = {
			isa = XCBuildConfiguration;
			buildSettings = {
				ALWAYS_SEARCH_USER_PATHS = NO;
				CLANG_ANALYZER_NONNULL = YES;
				CLANG_ANALYZER_NUMBER_OBJECT_CONVERSION = YES_AGGRESSIVE;
				CLANG_CXX_LANGUAGE_STANDARD = "gnu++14";
				CLANG_CXX_LIBRARY = "libc++";
				CLANG_ENABLE_MODULES = YES;
				CLANG_ENABLE_OBJC_ARC = YES;
				CLANG_ENABLE_OBJC_WEAK = YES;
				CLANG_WARN_BLOCK_CAPTURE_AUTORELEASING = YES;
				CLANG_WARN_BOOL_CONVERSION = YES;
				CLANG_WARN_COMMA = YES;
				CLANG_WARN_CONSTANT_CONVERSION = YES;
				CLANG_WARN_DEPRECATED_OBJC_IMPLEMENTATIONS = YES;
				CLANG_WARN_DIRECT_OBJC_ISA_USAGE = YES_ERROR;
				CLANG_WARN_DOCUMENTATION_COMMENTS = YES;
				CLANG_WARN_EMPTY_BODY = YES;
				CLANG_WARN_ENUM_CONVERSION = YES;
				CLANG_WARN_INFINITE_RECURSION = YES;
				CLANG_WARN_INT_CONVERSION = YES;
				CLANG_WARN_NON_LITERAL_NULL_CONVERSION = YES;
				CLANG_WARN_OBJC_IMPLICIT_RETAIN_SELF = YES;
				CLANG_WARN_OBJC_LITERAL_CONVERSION = YES;
				CLANG_WARN_OBJC_ROOT_CLASS = YES_ERROR;
				CLANG_WARN_RANGE_LOOP_ANALYSIS = YES;
				CLANG_WARN_STRICT_PROTOTYPES = YES;
				CLANG_WARN_SUSPICIOUS_MOVE = YES;
				CLANG_WARN_UNGUARDED_AVAILABILITY = YES_AGGRESSIVE;
				CLANG_WARN_UNREACHABLE_CODE = YES;
				CLANG_WARN__DUPLICATE_METHOD_MATCH = YES;
				COPY_PHASE_STRIP = NO;
				DEBUG_INFORMATION_FORMAT = dwarf;
				ENABLE_STRICT_OBJC_MSGSEND = YES;
				ENABLE_TESTABILITY = YES;
				GCC_C_LANGUAGE_STANDARD = gnu11;
				GCC_DYNAMIC_NO_PIC = NO;
				GCC_NO_COMMON_BLOCKS = YES;
				GCC_OPTIMIZATION_LEVEL = 0;
				GCC_PREPROCESSOR_DEFINITIONS = (
					"DEBUG=1",
					"$(inherited)",
				);
				GCC_WARN_64_TO_32_BIT_CONVERSION = YES;
				GCC_WARN_ABOUT_RETURN_TYPE = YES_ERROR;
				GCC_WARN_UNDECLARED_SELECTOR = YES;
				GCC_WARN_UNINITIALIZED_AUTOS = YES_AGGRESSIVE;
				GCC_WARN_UNUSED_FUNCTION = YES;
				GCC_WARN_UNUSED_VARIABLE = YES;
				IPHONEOS_DEPLOYMENT_TARGET = 13.2;
				MTL_ENABLE_DEBUG_INFO = INCLUDE_SOURCE;
				MTL_FAST_MATH = YES;
				ONLY_ACTIVE_ARCH = YES;
				SDKROOT = iphoneos;
				SWIFT_ACTIVE_COMPILATION_CONDITIONS = DEBUG;
				SWIFT_OPTIMIZATION_LEVEL = "-Onone";
			};
			name = Debug;
		};
		5858CF0A24DF57C80027C5D2 /* Release */ = {
			isa = XCBuildConfiguration;
			buildSettings = {
				ALWAYS_SEARCH_USER_PATHS = NO;
				CLANG_ANALYZER_NONNULL = YES;
				CLANG_ANALYZER_NUMBER_OBJECT_CONVERSION = YES_AGGRESSIVE;
				CLANG_CXX_LANGUAGE_STANDARD = "gnu++14";
				CLANG_CXX_LIBRARY = "libc++";
				CLANG_ENABLE_MODULES = YES;
				CLANG_ENABLE_OBJC_ARC = YES;
				CLANG_ENABLE_OBJC_WEAK = YES;
				CLANG_WARN_BLOCK_CAPTURE_AUTORELEASING = YES;
				CLANG_WARN_BOOL_CONVERSION = YES;
				CLANG_WARN_COMMA = YES;
				CLANG_WARN_CONSTANT_CONVERSION = YES;
				CLANG_WARN_DEPRECATED_OBJC_IMPLEMENTATIONS = YES;
				CLANG_WARN_DIRECT_OBJC_ISA_USAGE = YES_ERROR;
				CLANG_WARN_DOCUMENTATION_COMMENTS = YES;
				CLANG_WARN_EMPTY_BODY = YES;
				CLANG_WARN_ENUM_CONVERSION = YES;
				CLANG_WARN_INFINITE_RECURSION = YES;
				CLANG_WARN_INT_CONVERSION = YES;
				CLANG_WARN_NON_LITERAL_NULL_CONVERSION = YES;
				CLANG_WARN_OBJC_IMPLICIT_RETAIN_SELF = YES;
				CLANG_WARN_OBJC_LITERAL_CONVERSION = YES;
				CLANG_WARN_OBJC_ROOT_CLASS = YES_ERROR;
				CLANG_WARN_RANGE_LOOP_ANALYSIS = YES;
				CLANG_WARN_STRICT_PROTOTYPES = YES;
				CLANG_WARN_SUSPICIOUS_MOVE = YES;
				CLANG_WARN_UNGUARDED_AVAILABILITY = YES_AGGRESSIVE;
				CLANG_WARN_UNREACHABLE_CODE = YES;
				CLANG_WARN__DUPLICATE_METHOD_MATCH = YES;
				COPY_PHASE_STRIP = NO;
				DEBUG_INFORMATION_FORMAT = "dwarf-with-dsym";
				ENABLE_NS_ASSERTIONS = NO;
				ENABLE_STRICT_OBJC_MSGSEND = YES;
				GCC_C_LANGUAGE_STANDARD = gnu11;
				GCC_NO_COMMON_BLOCKS = YES;
				GCC_WARN_64_TO_32_BIT_CONVERSION = YES;
				GCC_WARN_ABOUT_RETURN_TYPE = YES_ERROR;
				GCC_WARN_UNDECLARED_SELECTOR = YES;
				GCC_WARN_UNINITIALIZED_AUTOS = YES_AGGRESSIVE;
				GCC_WARN_UNUSED_FUNCTION = YES;
				GCC_WARN_UNUSED_VARIABLE = YES;
				IPHONEOS_DEPLOYMENT_TARGET = 13.2;
				MTL_ENABLE_DEBUG_INFO = NO;
				MTL_FAST_MATH = YES;
				SDKROOT = iphoneos;
				SWIFT_COMPILATION_MODE = wholemodule;
				SWIFT_OPTIMIZATION_LEVEL = "-O";
				VALIDATE_PRODUCT = YES;
			};
			name = Release;
		};
		5858CF0C24DF57C80027C5D2 /* Debug */ = {
			isa = XCBuildConfiguration;
			buildSettings = {
				ASSETCATALOG_COMPILER_APPICON_NAME = AppIcon;
				CODE_SIGN_STYLE = Automatic;
				DEVELOPMENT_TEAM = 77UF6USCA9;
				INFOPLIST_FILE = P3Sprite/Info.plist;
				LD_RUNPATH_SEARCH_PATHS = (
					"$(inherited)",
					"@executable_path/Frameworks",
				);
				PRODUCT_BUNDLE_IDENTIFIER = com.PatrickWinchell.P3Sprite;
				PRODUCT_NAME = "$(TARGET_NAME)";
				SWIFT_VERSION = 5.0;
				TARGETED_DEVICE_FAMILY = "1,2";
			};
			name = Debug;
		};
		5858CF0D24DF57C80027C5D2 /* Release */ = {
			isa = XCBuildConfiguration;
			buildSettings = {
				ASSETCATALOG_COMPILER_APPICON_NAME = AppIcon;
				CODE_SIGN_STYLE = Automatic;
				DEVELOPMENT_TEAM = 77UF6USCA9;
				INFOPLIST_FILE = P3Sprite/Info.plist;
				LD_RUNPATH_SEARCH_PATHS = (
					"$(inherited)",
					"@executable_path/Frameworks",
				);
				PRODUCT_BUNDLE_IDENTIFIER = com.PatrickWinchell.P3Sprite;
				PRODUCT_NAME = "$(TARGET_NAME)";
				SWIFT_VERSION = 5.0;
				TARGETED_DEVICE_FAMILY = "1,2";
			};
			name = Release;
		};
/* End XCBuildConfiguration section */

/* Begin XCConfigurationList section */
		5858CEEE24DF57C70027C5D2 /* Build configuration list for PBXProject "P3Sprite" */ = {
			isa = XCConfigurationList;
			buildConfigurations = (
				5858CF0924DF57C80027C5D2 /* Debug */,
				5858CF0A24DF57C80027C5D2 /* Release */,
			);
			defaultConfigurationIsVisible = 0;
			defaultConfigurationName = Release;
		};
		5858CF0B24DF57C80027C5D2 /* Build configuration list for PBXNativeTarget "P3Sprite" */ = {
			isa = XCConfigurationList;
			buildConfigurations = (
				5858CF0C24DF57C80027C5D2 /* Debug */,
				5858CF0D24DF57C80027C5D2 /* Release */,
			);
			defaultConfigurationIsVisible = 0;
			defaultConfigurationName = Release;
		};
/* End XCConfigurationList section */
	};
	rootObject = 5858CEEB24DF57C70027C5D2 /* Project object */;
}
